# This file is autogenerated, do not edit; changes may be undone by the next 'dep ensure'.


[[projects]]
  branch = "master"
  name = "github.com/goji/param"
  packages = ["."]
  revision = "d7f49fd7d1ed53fd562e737a8b5bbcc7e3d925e2"

[[projects]]
  name = "github.com/nlopes/slack"
  packages = ["."]
  revision = "c86337c0ef2486a15edd804355d9c73d2f2caed1"
  version = "v0.1.0"

[[projects]]
  branch = "master"
  name = "golang.org/x/net"
  packages = ["websocket"]
  revision = "2fb46b16b8dda405028c50f7c7f0f9dd1fa6bfb1"

[solve-meta]
  analyzer-name = "dep"
  analyzer-version = 1
  inputs-digest = "b63b380b084a3484b6d319e9c4e52d7d0a3939490344f5430747bc9f83b19fb8"
  solver-name = "gps-cdcl"
  solver-version = 1
